
Microsoft Visual Studio Solution File, Format Version 12.00
# Visual Studio 15
VisualStudioVersion = 15.0.28307.1259
MinimumVisualStudioVersion = 10.0.40219.1
Project("{9A19103F-16F7-4668-BE54-9A1E7A4F7556}") = "SecureWiki", "Avalonia.NETCoreMVVMApp\SecureWiki.csproj", "{87692882-D726-40F2-A5C3-995EA7CFDC6A}"
EndProject
Global
	GlobalSection(SolutionConfigurationPlatforms) = preSolution
		Debug|Any CPU = Debug|Any CPU
		Release|Any CPU = Release|Any CPU
	EndGlobalSection
	GlobalSection(ProjectConfigurationPlatforms) = postSolution
		{87692882-D726-40F2-A5C3-995EA7CFDC6A}.Debug|Any CPU.ActiveCfg = Debug|Any CPU
		{87692882-D726-40F2-A5C3-995EA7CFDC6A}.Debug|Any CPU.Build.0 = Debug|Any CPU
		{87692882-D726-40F2-A5C3-995EA7CFDC6A}.Release|Any CPU.ActiveCfg = Release|Any CPU
		{87692882-D726-40F2-A5C3-995EA7CFDC6A}.Release|Any CPU.Build.0 = Release|Any CPU
	EndGlobalSection
	GlobalSection(SolutionProperties) = preSolution
		HideSolutionNode = FALSE
	EndGlobalSection
	GlobalSection(ExtensibilityGlobals) = postSolution
		SolutionGuid = {C4D8035B-9BC0-4797-BEAB-8501D6D246CA}
	EndGlobalSection
EndGlobal
